{
  "requires": true,
  "lockfileVersion": 1,
  "dependencies": {
    "gitbook-plugin-codesandbox": {
      "version": "0.1.1",
      "resolved": "https://registry.npmjs.org/gitbook-plugin-codesandbox/-/gitbook-plugin-codesandbox-0.1.1.tgz",
      "integrity": "sha512-0xi8m3yrwoYpBGpHjc7GW0A/TQ6G0ZpMk4OwljgB7vSZz23L2hwtHoqA6eMqoKA6LyEdYanb6VIrCYS9aZfy/Q=="
    },
    "gitbook-plugin-collapsible-menu": {
      "version": "1.0.3",
      "resolved": "https://registry.npmjs.org/gitbook-plugin-collapsible-menu/-/gitbook-plugin-collapsible-menu-1.0.3.tgz",
      "integrity": "sha1-bSdlFouqplmeAtFdeKimfMgQgos="
    }
  }
}
